
Microsoft Visual Studio Solution File, Format Version 12.00
# Visual Studio Version 17
VisualStudioVersion = 17.6.33829.357
MinimumVisualStudioVersion = 10.0.40219.1
Project("{FAE04EC0-301F-11D3-BF4B-00C04F79EFBC}") = "Task_5", "Task_5\Task_5.csproj", "{946259A3-CB62-4A97-A80C-2DEFDB4AA51C}"
EndProject
Global
	GlobalSection(SolutionConfigurationPlatforms) = preSolution
		Debug|Any CPU = Debug|Any CPU
		Release|Any CPU = Release|Any CPU
	EndGlobalSection
	GlobalSection(ProjectConfigurationPlatforms) = postSolution
		{946259A3-CB62-4A97-A80C-2DEFDB4AA51C}.Debug|Any CPU.ActiveCfg = Debug|Any CPU
		{946259A3-CB62-4A97-A80C-2DEFDB4AA51C}.Debug|Any CPU.Build.0 = Debug|Any CPU
		{946259A3-CB62-4A97-A80C-2DEFDB4AA51C}.Release|Any CPU.ActiveCfg = Release|Any CPU
		{946259A3-CB62-4A97-A80C-2DEFDB4AA51C}.Release|Any CPU.Build.0 = Release|Any CPU
	EndGlobalSection
	GlobalSection(SolutionProperties) = preSolution
		HideSolutionNode = FALSE
	EndGlobalSection
	GlobalSection(ExtensibilityGlobals) = postSolution
		SolutionGuid = {A2C5A38F-DBB1-4994-A6BD-AFDB1E82E42F}
	EndGlobalSection
EndGlobal
